
Microsoft Visual Studio Solution File, Format Version 12.00
# Visual Studio 2012
Project("{8BC9CEB8-8B4A-11D0-8D11-00A0C91BC942}") = "AlgorithmTest", "AlgorithmTest.vcxproj", "{05120E9A-273D-42DA-BB67-5E9D1BD61004}"
EndProject
Global
	GlobalSection(SolutionConfigurationPlatforms) = preSolution
		Debug|Win32 = Debug|Win32
		Release|Win32 = Release|Win32
	EndGlobalSection
	GlobalSection(ProjectConfigurationPlatforms) = postSolution
		{05120E9A-273D-42DA-BB67-5E9D1BD61004}.Debug|Win32.ActiveCfg = Debug|Win32
		{05120E9A-273D-42DA-BB67-5E9D1BD61004}.Debug|Win32.Build.0 = Debug|Win32
		{05120E9A-273D-42DA-BB67-5E9D1BD61004}.Release|Win32.ActiveCfg = Release|Win32
		{05120E9A-273D-42DA-BB67-5E9D1BD61004}.Release|Win32.Build.0 = Release|Win32
	EndGlobalSection
	GlobalSection(SolutionProperties) = preSolution
		HideSolutionNode = FALSE
	EndGlobalSection
EndGlobal
